// !$*UTF8*$!
{
	archiveVersion = 1;
	classes = {
	};
	objectVersion = 50;
	objects = {

/* Begin PBXBuildFile section */
		9F30788B23F3D8410085C844 /* AppDelegate.swift in Sources */ = {isa = PBXBuildFile; fileRef = 9F30788A23F3D8410085C844 /* AppDelegate.swift */; };
		9F30788D23F3D8410085C844 /* SceneDelegate.swift in Sources */ = {isa = PBXBuildFile; fileRef = 9F30788C23F3D8410085C844 /* SceneDelegate.swift */; };
		9F30788F23F3D8410085C844 /* ViewController.swift in Sources */ = {isa = PBXBuildFile; fileRef = 9F30788E23F3D8410085C844 /* ViewController.swift */; };
		9F30789223F3D8410085C844 /* Main.storyboard in Resources */ = {isa = PBXBuildFile; fileRef = 9F30789023F3D8410085C844 /* Main.storyboard */; };
		9F30789523F3D8410085C844 /* HintsaLogUI.xcdatamodeld in Sources */ = {isa = PBXBuildFile; fileRef = 9F30789323F3D8410085C844 /* HintsaLogUI.xcdatamodeld */; };
		9F30789723F3D8440085C844 /* Assets.xcassets in Resources */ = {isa = PBXBuildFile; fileRef = 9F30789623F3D8440085C844 /* Assets.xcassets */; };
		9F30789A23F3D8440085C844 /* LaunchScreen.storyboard in Resources */ = {isa = PBXBuildFile; fileRef = 9F30789823F3D8440085C844 /* LaunchScreen.storyboard */; };
		9F3078AC23F3E4980085C844 /* LogExerciseVC.swift in Sources */ = {isa = PBXBuildFile; fileRef = 9F3078AB23F3E4980085C844 /* LogExerciseVC.swift */; };
		9F7D11DB23F54EC800B5BA28 /* SessionsTableViewCell.swift in Sources */ = {isa = PBXBuildFile; fileRef = 9F7D11D923F54EC800B5BA28 /* SessionsTableViewCell.swift */; };
		9F7D11DC23F54EC800B5BA28 /* SessionsTableViewCell.xib in Resources */ = {isa = PBXBuildFile; fileRef = 9F7D11DA23F54EC800B5BA28 /* SessionsTableViewCell.xib */; };
/* End PBXBuildFile section */

/* Begin PBXFileReference section */
		9F30788723F3D8410085C844 /* Training Log.app */ = {isa = PBXFileReference; explicitFileType = wrapper.application; includeInIndex = 0; path = "Training Log.app"; sourceTree = BUILT_PRODUCTS_DIR; };
		9F30788A23F3D8410085C844 /* AppDelegate.swift */ = {isa = PBXFileReference; lastKnownFileType = sourcecode.swift; path = AppDelegate.swift; sourceTree = "<group>"; };
		9F30788C23F3D8410085C844 /* SceneDelegate.swift */ = {isa = PBXFileReference; lastKnownFileType = sourcecode.swift; path = SceneDelegate.swift; sourceTree = "<group>"; };
		9F30788E23F3D8410085C844 /* ViewController.swift */ = {isa = PBXFileReference; lastKnownFileType = sourcecode.swift; path = ViewController.swift; sourceTree = "<group>"; };
		9F30789123F3D8410085C844 /* Base */ = {isa = PBXFileReference; lastKnownFileType = file.storyboard; name = Base; path = Base.lproj/Main.storyboard; sourceTree = "<group>"; };
		9F30789423F3D8410085C844 /* HintsaLogUI.xcdatamodel */ = {isa = PBXFileReference; lastKnownFileType = wrapper.xcdatamodel; path = HintsaLogUI.xcdatamodel; sourceTree = "<group>"; };
		9F30789623F3D8440085C844 /* Assets.xcassets */ = {isa = PBXFileReference; lastKnownFileType = folder.assetcatalog; path = Assets.xcassets; sourceTree = "<group>"; };
		9F30789923F3D8440085C844 /* Base */ = {isa = PBXFileReference; lastKnownFileType = file.storyboard; name = Base; path = Base.lproj/LaunchScreen.storyboard; sourceTree = "<group>"; };
		9F30789B23F3D8440085C844 /* Info.plist */ = {isa = PBXFileReference; lastKnownFileType = text.plist.xml; path = Info.plist; sourceTree = "<group>"; };
		9F3078AB23F3E4980085C844 /* LogExerciseVC.swift */ = {isa = PBXFileReference; lastKnownFileType = sourcecode.swift; path = LogExerciseVC.swift; sourceTree = "<group>"; };
		9F7D11D923F54EC800B5BA28 /* SessionsTableViewCell.swift */ = {isa = PBXFileReference; lastKnownFileType = sourcecode.swift; path = SessionsTableViewCell.swift; sourceTree = "<group>"; };
		9F7D11DA23F54EC800B5BA28 /* SessionsTableViewCell.xib */ = {isa = PBXFileReference; lastKnownFileType = file.xib; path = SessionsTableViewCell.xib; sourceTree = "<group>"; };
/* End PBXFileReference section */

/* Begin PBXFrameworksBuildPhase section */
		9F30788423F3D8410085C844 /* Frameworks */ = {
			isa = PBXFrameworksBuildPhase;
			buildActionMask = 2147483647;
			files = (
			);
			runOnlyForDeploymentPostprocessing = 0;
		};
/* End PBXFrameworksBuildPhase section */

/* Begin PBXGroup section */
		9F30787E23F3D8410085C844 = {
			isa = PBXGroup;
			children = (
				9F30788923F3D8410085C844 /* HintsaLogUI */,
				9F30788823F3D8410085C844 /* Products */,
			);
			sourceTree = "<group>";
		};
		9F30788823F3D8410085C844 /* Products */ = {
			isa = PBXGroup;
			children = (
				9F30788723F3D8410085C844 /* Training Log.app */,
			);
			name = Products;
			sourceTree = "<group>";
		};
		9F30788923F3D8410085C844 /* HintsaLogUI */ = {
			isa = PBXGroup;
			children = (
				9F7D11DD23F54ED500B5BA28 /* SessionsCell */,
				9FC0B41D23F57EE600E8CA94 /* ViewControllers */,
				9F30788A23F3D8410085C844 /* AppDelegate.swift */,
				9F30788C23F3D8410085C844 /* SceneDelegate.swift */,
				9F30789023F3D8410085C844 /* Main.storyboard */,
				9F30789623F3D8440085C844 /* Assets.xcassets */,
				9F30789823F3D8440085C844 /* LaunchScreen.storyboard */,
				9F30789B23F3D8440085C844 /* Info.plist */,
				9F30789323F3D8410085C844 /* HintsaLogUI.xcdatamodeld */,
			);
			path = HintsaLogUI;
			sourceTree = "<group>";
		};
		9F7D11DD23F54ED500B5BA28 /* SessionsCell */ = {
			isa = PBXGroup;
			children = (
				9F7D11D923F54EC800B5BA28 /* SessionsTableViewCell.swift */,
				9F7D11DA23F54EC800B5BA28 /* SessionsTableViewCell.xib */,
			);
			path = SessionsCell;
			sourceTree = "<group>";
		};
		9FC0B41D23F57EE600E8CA94 /* ViewControllers */ = {
			isa = PBXGroup;
			children = (
				9F30788E23F3D8410085C844 /* ViewController.swift */,
				9F3078AB23F3E4980085C844 /* LogExerciseVC.swift */,
			);
			path = ViewControllers;
			sourceTree = "<group>";
		};
/* End PBXGroup section */

/* Begin PBXNativeTarget section */
		9F30788623F3D8410085C844 /* HintsaLogUI */ = {
			isa = PBXNativeTarget;
			buildConfigurationList = 9F30789E23F3D8440085C844 /* Build configuration list for PBXNativeTarget "HintsaLogUI" */;
			buildPhases = (
				9F30788323F3D8410085C844 /* Sources */,
				9F30788423F3D8410085C844 /* Frameworks */,
				9F30788523F3D8410085C844 /* Resources */,
			);
			buildRules = (
			);
			dependencies = (
			);
			name = HintsaLogUI;
			productName = HintsaLogUI;
			productReference = 9F30788723F3D8410085C844 /* Training Log.app */;
			productType = "com.apple.product-type.application";
		};
/* End PBXNativeTarget section */

/* Begin PBXProject section */
		9F30787F23F3D8410085C844 /* Project object */ = {
			isa = PBXProject;
			attributes = {
				LastSwiftUpdateCheck = 1130;
				LastUpgradeCheck = 1130;
				ORGANIZATIONNAME = "Tewodros Mengesha";
				TargetAttributes = {
					9F30788623F3D8410085C844 = {
						CreatedOnToolsVersion = 11.3.1;
					};
				};
			};
			buildConfigurationList = 9F30788223F3D8410085C844 /* Build configuration list for PBXProject "HintsaLogUI" */;
			compatibilityVersion = "Xcode 9.3";
			developmentRegion = en;
			hasScannedForEncodings = 0;
			knownRegions = (
				en,
				Base,
			);
			mainGroup = 9F30787E23F3D8410085C844;
			productRefGroup = 9F30788823F3D8410085C844 /* Products */;
			projectDirPath = "";
			projectRoot = "";
			targets = (
				9F30788623F3D8410085C844 /* HintsaLogUI */,
			);
		};
/* End PBXProject section */

/* Begin PBXResourcesBuildPhase section */
		9F30788523F3D8410085C844 /* Resources */ = {
			isa = PBXResourcesBuildPhase;
			buildActionMask = 2147483647;
			files = (
				9F7D11DC23F54EC800B5BA28 /* SessionsTableViewCell.xib in Resources */,
				9F30789A23F3D8440085C844 /* LaunchScreen.storyboard in Resources */,
				9F30789723F3D8440085C844 /* Assets.xcassets in Resources */,
				9F30789223F3D8410085C844 /* Main.storyboard in Resources */,
			);
			runOnlyForDeploymentPostprocessing = 0;
		};
/* End PBXResourcesBuildPhase section */

/* Begin PBXSourcesBuildPhase section */
		9F30788323F3D8410085C844 /* Sources */ = {
			isa = PBXSourcesBuildPhase;
			buildActionMask = 2147483647;
			files = (
				9F7D11DB23F54EC800B5BA28 /* SessionsTableViewCell.swift in Sources */,
				9F30788F23F3D8410085C844 /* ViewController.swift in Sources */,
				9F3078AC23F3E4980085C844 /* LogExerciseVC.swift in Sources */,
				9F30788B23F3D8410085C844 /* AppDelegate.swift in Sources */,
				9F30788D23F3D8410085C844 /* SceneDelegate.swift in Sources */,
				9F30789523F3D8410085C844 /* HintsaLogUI.xcdatamodeld in Sources */,
			);
			runOnlyForDeploymentPostprocessing = 0;
		};
/* End PBXSourcesBuildPhase section */

/* Begin PBXVariantGroup section */
		9F30789023F3D8410085C844 /* Main.storyboard */ = {
			isa = PBXVariantGroup;
			children = (
				9F30789123F3D8410085C844 /* Base */,
			);
			name = Main.storyboard;
			sourceTree = "<group>";
		};
		9F30789823F3D8440085C844 /* LaunchScreen.storyboard */ = {
			isa = PBXVariantGroup;
			children = (
				9F30789923F3D8440085C844 /* Base */,
			);
			name = LaunchScreen.storyboard;
			sourceTree = "<group>";
		};
/* End PBXVariantGroup section */

/* Begin XCBuildConfiguration section */
		9F30789C23F3D8440085C844 /* Debug */ = {
			isa = XCBuildConfiguration;
			buildSettings = {
				ALWAYS_SEARCH_USER_PATHS = NO;
				CLANG_ANALYZER_NONNULL = YES;
				CLANG_ANALYZER_NUMBER_OBJECT_CONVERSION = YES_AGGRESSIVE;
				CLANG_CXX_LANGUAGE_STANDARD = "gnu++14";
				CLANG_CXX_LIBRARY = "libc++";
				CLANG_ENABLE_MODULES = YES;
				CLANG_ENABLE_OBJC_ARC = YES;
				CLANG_ENABLE_OBJC_WEAK = YES;
				CLANG_WARN_BLOCK_CAPTURE_AUTORELEASING = YES;
				CLANG_WARN_BOOL_CONVERSION = YES;
				CLANG_WARN_COMMA = YES;
				CLANG_WARN_CONSTANT_CONVERSION = YES;
				CLANG_WARN_DEPRECATED_OBJC_IMPLEMENTATIONS = YES;
				CLANG_WARN_DIRECT_OBJC_ISA_USAGE = YES_ERROR;
				CLANG_WARN_DOCUMENTATION_COMMENTS = YES;
				CLANG_WARN_EMPTY_BODY = YES;
				CLANG_WARN_ENUM_CONVERSION = YES;
				CLANG_WARN_INFINITE_RECURSION = YES;
				CLANG_WARN_INT_CONVERSION = YES;
				CLANG_WARN_NON_LITERAL_NULL_CONVERSION = YES;
				CLANG_WARN_OBJC_IMPLICIT_RETAIN_SELF = YES;
				CLANG_WARN_OBJC_LITERAL_CONVERSION = YES;
				CLANG_WARN_OBJC_ROOT_CLASS = YES_ERROR;
				CLANG_WARN_RANGE_LOOP_ANALYSIS = YES;
				CLANG_WARN_STRICT_PROTOTYPES = YES;
				CLANG_WARN_SUSPICIOUS_MOVE = YES;
				CLANG_WARN_UNGUARDED_AVAILABILITY = YES_AGGRESSIVE;
				CLANG_WARN_UNREACHABLE_CODE = YES;
				CLANG_WARN__DUPLICATE_METHOD_MATCH = YES;
				COPY_PHASE_STRIP = NO;
				DEBUG_INFORMATION_FORMAT = dwarf;
				ENABLE_STRICT_OBJC_MSGSEND = YES;
				ENABLE_TESTABILITY = YES;
				GCC_C_LANGUAGE_STANDARD = gnu11;
				GCC_DYNAMIC_NO_PIC = NO;
				GCC_NO_COMMON_BLOCKS = YES;
				GCC_OPTIMIZATION_LEVEL = 0;
				GCC_PREPROCESSOR_DEFINITIONS = (
					"DEBUG=1",
					"$(inherited)",
				);
				GCC_WARN_64_TO_32_BIT_CONVERSION = YES;
				GCC_WARN_ABOUT_RETURN_TYPE = YES_ERROR;
				GCC_WARN_UNDECLARED_SELECTOR = YES;
				GCC_WARN_UNINITIALIZED_AUTOS = YES_AGGRESSIVE;
				GCC_WARN_UNUSED_FUNCTION = YES;
				GCC_WARN_UNUSED_VARIABLE = YES;
				IPHONEOS_DEPLOYMENT_TARGET = 13.2;
				MTL_ENABLE_DEBUG_INFO = INCLUDE_SOURCE;
				MTL_FAST_MATH = YES;
				ONLY_ACTIVE_ARCH = YES;
				SDKROOT = iphoneos;
				SWIFT_ACTIVE_COMPILATION_CONDITIONS = DEBUG;
				SWIFT_OPTIMIZATION_LEVEL = "-Onone";
			};
			name = Debug;
		};
		9F30789D23F3D8440085C844 /* Release */ = {
			isa = XCBuildConfiguration;
			buildSettings = {
				ALWAYS_SEARCH_USER_PATHS = NO;
				CLANG_ANALYZER_NONNULL = YES;
				CLANG_ANALYZER_NUMBER_OBJECT_CONVERSION = YES_AGGRESSIVE;
				CLANG_CXX_LANGUAGE_STANDARD = "gnu++14";
				CLANG_CXX_LIBRARY = "libc++";
				CLANG_ENABLE_MODULES = YES;
				CLANG_ENABLE_OBJC_ARC = YES;
				CLANG_ENABLE_OBJC_WEAK = YES;
				CLANG_WARN_BLOCK_CAPTURE_AUTORELEASING = YES;
				CLANG_WARN_BOOL_CONVERSION = YES;
				CLANG_WARN_COMMA = YES;
				CLANG_WARN_CONSTANT_CONVERSION = YES;
				CLANG_WARN_DEPRECATED_OBJC_IMPLEMENTATIONS = YES;
				CLANG_WARN_DIRECT_OBJC_ISA_USAGE = YES_ERROR;
				CLANG_WARN_DOCUMENTATION_COMMENTS = YES;
				CLANG_WARN_EMPTY_BODY = YES;
				CLANG_WARN_ENUM_CONVERSION = YES;
				CLANG_WARN_INFINITE_RECURSION = YES;
				CLANG_WARN_INT_CONVERSION = YES;
				CLANG_WARN_NON_LITERAL_NULL_CONVERSION = YES;
				CLANG_WARN_OBJC_IMPLICIT_RETAIN_SELF = YES;
				CLANG_WARN_OBJC_LITERAL_CONVERSION = YES;
				CLANG_WARN_OBJC_ROOT_CLASS = YES_ERROR;
				CLANG_WARN_RANGE_LOOP_ANALYSIS = YES;
				CLANG_WARN_STRICT_PROTOTYPES = YES;
				CLANG_WARN_SUSPICIOUS_MOVE = YES;
				CLANG_WARN_UNGUARDED_AVAILABILITY = YES_AGGRESSIVE;
				CLANG_WARN_UNREACHABLE_CODE = YES;
				CLANG_WARN__DUPLICATE_METHOD_MATCH = YES;
				COPY_PHASE_STRIP = NO;
				DEBUG_INFORMATION_FORMAT = "dwarf-with-dsym";
				ENABLE_NS_ASSERTIONS = NO;
				ENABLE_STRICT_OBJC_MSGSEND = YES;
				GCC_C_LANGUAGE_STANDARD = gnu11;
				GCC_NO_COMMON_BLOCKS = YES;
				GCC_WARN_64_TO_32_BIT_CONVERSION = YES;
				GCC_WARN_ABOUT_RETURN_TYPE = YES_ERROR;
				GCC_WARN_UNDECLARED_SELECTOR = YES;
				GCC_WARN_UNINITIALIZED_AUTOS = YES_AGGRESSIVE;
				GCC_WARN_UNUSED_FUNCTION = YES;
				GCC_WARN_UNUSED_VARIABLE = YES;
				IPHONEOS_DEPLOYMENT_TARGET = 13.2;
				MTL_ENABLE_DEBUG_INFO = NO;
				MTL_FAST_MATH = YES;
				SDKROOT = iphoneos;
				SWIFT_COMPILATION_MODE = wholemodule;
				SWIFT_OPTIMIZATION_LEVEL = "-O";
				VALIDATE_PRODUCT = YES;
			};
			name = Release;
		};
		9F30789F23F3D8440085C844 /* Debug */ = {
			isa = XCBuildConfiguration;
			buildSettings = {
				ASSETCATALOG_COMPILER_APPICON_NAME = AppIcon;
				CODE_SIGN_STYLE = Automatic;
				INFOPLIST_FILE = HintsaLogUI/Info.plist;
				LD_RUNPATH_SEARCH_PATHS = (
					"$(inherited)",
					"@executable_path/Frameworks",
				);
				PRODUCT_BUNDLE_IDENTIFIER = SwiftByTeddy.HintsaLogUI;
				PRODUCT_NAME = "Training Log";
				SWIFT_VERSION = 5.0;
				TARGETED_DEVICE_FAMILY = "1,2";
			};
			name = Debug;
		};
		9F3078A023F3D8440085C844 /* Release */ = {
			isa = XCBuildConfiguration;
			buildSettings = {
				ASSETCATALOG_COMPILER_APPICON_NAME = AppIcon;
				CODE_SIGN_STYLE = Automatic;
				INFOPLIST_FILE = HintsaLogUI/Info.plist;
				LD_RUNPATH_SEARCH_PATHS = (
					"$(inherited)",
					"@executable_path/Frameworks",
				);
				PRODUCT_BUNDLE_IDENTIFIER = SwiftByTeddy.HintsaLogUI;
				PRODUCT_NAME = "Training Log";
				SWIFT_VERSION = 5.0;
				TARGETED_DEVICE_FAMILY = "1,2";
			};
			name = Release;
		};
/* End XCBuildConfiguration section */

/* Begin XCConfigurationList section */
		9F30788223F3D8410085C844 /* Build configuration list for PBXProject "HintsaLogUI" */ = {
			isa = XCConfigurationList;
			buildConfigurations = (
				9F30789C23F3D8440085C844 /* Debug */,
				9F30789D23F3D8440085C844 /* Release */,
			);
			defaultConfigurationIsVisible = 0;
			defaultConfigurationName = Release;
		};
		9F30789E23F3D8440085C844 /* Build configuration list for PBXNativeTarget "HintsaLogUI" */ = {
			isa = XCConfigurationList;
			buildConfigurations = (
				9F30789F23F3D8440085C844 /* Debug */,
				9F3078A023F3D8440085C844 /* Release */,
			);
			defaultConfigurationIsVisible = 0;
			defaultConfigurationName = Release;
		};
/* End XCConfigurationList section */

/* Begin XCVersionGroup section */
		9F30789323F3D8410085C844 /* HintsaLogUI.xcdatamodeld */ = {
			isa = XCVersionGroup;
			children = (
				9F30789423F3D8410085C844 /* HintsaLogUI.xcdatamodel */,
			);
			currentVersion = 9F30789423F3D8410085C844 /* HintsaLogUI.xcdatamodel */;
			path = HintsaLogUI.xcdatamodeld;
			sourceTree = "<group>";
			versionGroupType = wrapper.xcdatamodel;
		};
/* End XCVersionGroup section */
	};
	rootObject = 9F30787F23F3D8410085C844 /* Project object */;
}
